
Microsoft Visual Studio Solution File, Format Version 12.00
# Visual Studio Version 17
VisualStudioVersion = 17.2.32630.192
MinimumVisualStudioVersion = 10.0.40219.1
Project("{FAE04EC0-301F-11D3-BF4B-00C04F79EFBC}") = "GADE_6112_Project1", "GADE_6112_Project1.csproj", "{3EDAA0FA-C0F9-4134-AC81-F7FB200452D8}"
EndProject
Project("{FAE04EC0-301F-11D3-BF4B-00C04F79EFBC}") = "Gade_6112_Project 1", "..\Gade_6112_Project 1\Gade_6112_Project 1.csproj", "{02B9FF2B-E390-4DE1-9310-B98EED6FD06E}"
EndProject
Global
	GlobalSection(SolutionConfigurationPlatforms) = preSolution
		Debug|Any CPU = Debug|Any CPU
		Release|Any CPU = Release|Any CPU
	EndGlobalSection
	GlobalSection(ProjectConfigurationPlatforms) = postSolution
		{3EDAA0FA-C0F9-4134-AC81-F7FB200452D8}.Debug|Any CPU.ActiveCfg = Debug|Any CPU
		{3EDAA0FA-C0F9-4134-AC81-F7FB200452D8}.Debug|Any CPU.Build.0 = Debug|Any CPU
		{3EDAA0FA-C0F9-4134-AC81-F7FB200452D8}.Release|Any CPU.ActiveCfg = Release|Any CPU
		{3EDAA0FA-C0F9-4134-AC81-F7FB200452D8}.Release|Any CPU.Build.0 = Release|Any CPU
		{02B9FF2B-E390-4DE1-9310-B98EED6FD06E}.Debug|Any CPU.ActiveCfg = Debug|Any CPU
		{02B9FF2B-E390-4DE1-9310-B98EED6FD06E}.Debug|Any CPU.Build.0 = Debug|Any CPU
		{02B9FF2B-E390-4DE1-9310-B98EED6FD06E}.Release|Any CPU.ActiveCfg = Release|Any CPU
		{02B9FF2B-E390-4DE1-9310-B98EED6FD06E}.Release|Any CPU.Build.0 = Release|Any CPU
	EndGlobalSection
	GlobalSection(SolutionProperties) = preSolution
		HideSolutionNode = FALSE
	EndGlobalSection
	GlobalSection(ExtensibilityGlobals) = postSolution
		SolutionGuid = {51B915F3-4658-42CB-AFBA-430D2C2C8B67}
	EndGlobalSection
EndGlobal
